
Microsoft Visual Studio Solution File, Format Version 12.00
# Visual Studio Version 17
VisualStudioVersion = 17.9.34723.18
MinimumVisualStudioVersion = 10.0.40219.1
Project("{FAE04EC0-301F-11D3-BF4B-00C04F79EFBC}") = "DesafioAnaliseDeVendas", "DesafioAnaliseDeVendas\DesafioAnaliseDeVendas.csproj", "{77ED654C-90A9-4DCF-8FC8-C0B009792736}"
EndProject
Global
	GlobalSection(SolutionConfigurationPlatforms) = preSolution
		Debug|Any CPU = Debug|Any CPU
		Release|Any CPU = Release|Any CPU
	EndGlobalSection
	GlobalSection(ProjectConfigurationPlatforms) = postSolution
		{77ED654C-90A9-4DCF-8FC8-C0B009792736}.Debug|Any CPU.ActiveCfg = Debug|Any CPU
		{77ED654C-90A9-4DCF-8FC8-C0B009792736}.Debug|Any CPU.Build.0 = Debug|Any CPU
		{77ED654C-90A9-4DCF-8FC8-C0B009792736}.Release|Any CPU.ActiveCfg = Release|Any CPU
		{77ED654C-90A9-4DCF-8FC8-C0B009792736}.Release|Any CPU.Build.0 = Release|Any CPU
	EndGlobalSection
	GlobalSection(SolutionProperties) = preSolution
		HideSolutionNode = FALSE
	EndGlobalSection
	GlobalSection(ExtensibilityGlobals) = postSolution
		SolutionGuid = {C6CC0BF0-557F-4398-8398-EC1C48CD0CAD}
	EndGlobalSection
EndGlobal
